
Microsoft Visual Studio Solution File, Format Version 12.00
# Visual Studio 15
VisualStudioVersion = 15.0.27130.2020
MinimumVisualStudioVersion = 10.0.40219.1
Project("{FAE04EC0-301F-11D3-BF4B-00C04F79EFBC}") = "DictionariesPractice", "DictionariesPractice\DictionariesPractice.csproj", "{1C55F16E-79ED-40E5-8392-BDFE5AFB9F1C}"
EndProject
Global
	GlobalSection(SolutionConfigurationPlatforms) = preSolution
		Debug|Any CPU = Debug|Any CPU
		Release|Any CPU = Release|Any CPU
	EndGlobalSection
	GlobalSection(ProjectConfigurationPlatforms) = postSolution
		{1C55F16E-79ED-40E5-8392-BDFE5AFB9F1C}.Debug|Any CPU.ActiveCfg = Debug|Any CPU
		{1C55F16E-79ED-40E5-8392-BDFE5AFB9F1C}.Debug|Any CPU.Build.0 = Debug|Any CPU
		{1C55F16E-79ED-40E5-8392-BDFE5AFB9F1C}.Release|Any CPU.ActiveCfg = Release|Any CPU
		{1C55F16E-79ED-40E5-8392-BDFE5AFB9F1C}.Release|Any CPU.Build.0 = Release|Any CPU
	EndGlobalSection
	GlobalSection(SolutionProperties) = preSolution
		HideSolutionNode = FALSE
	EndGlobalSection
	GlobalSection(ExtensibilityGlobals) = postSolution
		SolutionGuid = {E4576290-4439-4AB2-B2D7-363EB4E5E95A}
	EndGlobalSection
EndGlobal
